// !$*UTF8*$!
{
	archiveVersion = 1;
	classes = {
	};
	objectVersion = 50;
	objects = {

/* Begin PBXBuildFile section */
		010E3183234B3D7900C681B0 /* AppDelegate.m in Sources */ = {isa = PBXBuildFile; fileRef = 010E3182234B3D7900C681B0 /* AppDelegate.m */; };
		010E3186234B3D7900C681B0 /* ViewController.m in Sources */ = {isa = PBXBuildFile; fileRef = 010E3185234B3D7900C681B0 /* ViewController.m */; };
		010E3189234B3D7900C681B0 /* Main.storyboard in Resources */ = {isa = PBXBuildFile; fileRef = 010E3187234B3D7900C681B0 /* Main.storyboard */; };
		010E318B234B3D7B00C681B0 /* Assets.xcassets in Resources */ = {isa = PBXBuildFile; fileRef = 010E318A234B3D7B00C681B0 /* Assets.xcassets */; };
		010E318E234B3D7B00C681B0 /* LaunchScreen.storyboard in Resources */ = {isa = PBXBuildFile; fileRef = 010E318C234B3D7B00C681B0 /* LaunchScreen.storyboard */; };
		010E3191234B3D7B00C681B0 /* main.m in Sources */ = {isa = PBXBuildFile; fileRef = 010E3190234B3D7B00C681B0 /* main.m */; };
		010E319A234B3DC500C681B0 /* WCAutoreleasePool.m in Sources */ = {isa = PBXBuildFile; fileRef = 010E3199234B3DC500C681B0 /* WCAutoreleasePool.m */; };
/* End PBXBuildFile section */

/* Begin PBXFileReference section */
		010E317E234B3D7900C681B0 /* WCAutoreleasePool.app */ = {isa = PBXFileReference; explicitFileType = wrapper.application; includeInIndex = 0; path = WCAutoreleasePool.app; sourceTree = BUILT_PRODUCTS_DIR; };
		010E3181234B3D7900C681B0 /* AppDelegate.h */ = {isa = PBXFileReference; lastKnownFileType = sourcecode.c.h; path = AppDelegate.h; sourceTree = "<group>"; };
		010E3182234B3D7900C681B0 /* AppDelegate.m */ = {isa = PBXFileReference; lastKnownFileType = sourcecode.c.objc; path = AppDelegate.m; sourceTree = "<group>"; };
		010E3184234B3D7900C681B0 /* ViewController.h */ = {isa = PBXFileReference; lastKnownFileType = sourcecode.c.h; path = ViewController.h; sourceTree = "<group>"; };
		010E3185234B3D7900C681B0 /* ViewController.m */ = {isa = PBXFileReference; lastKnownFileType = sourcecode.c.objc; path = ViewController.m; sourceTree = "<group>"; };
		010E3188234B3D7900C681B0 /* Base */ = {isa = PBXFileReference; lastKnownFileType = file.storyboard; name = Base; path = Base.lproj/Main.storyboard; sourceTree = "<group>"; };
		010E318A234B3D7B00C681B0 /* Assets.xcassets */ = {isa = PBXFileReference; lastKnownFileType = folder.assetcatalog; path = Assets.xcassets; sourceTree = "<group>"; };
		010E318D234B3D7B00C681B0 /* Base */ = {isa = PBXFileReference; lastKnownFileType = file.storyboard; name = Base; path = Base.lproj/LaunchScreen.storyboard; sourceTree = "<group>"; };
		010E318F234B3D7B00C681B0 /* Info.plist */ = {isa = PBXFileReference; lastKnownFileType = text.plist.xml; path = Info.plist; sourceTree = "<group>"; };
		010E3190234B3D7B00C681B0 /* main.m */ = {isa = PBXFileReference; lastKnownFileType = sourcecode.c.objc; path = main.m; sourceTree = "<group>"; };
		010E3198234B3DC500C681B0 /* WCAutoreleasePool.h */ = {isa = PBXFileReference; lastKnownFileType = sourcecode.c.h; path = WCAutoreleasePool.h; sourceTree = "<group>"; };
		010E3199234B3DC500C681B0 /* WCAutoreleasePool.m */ = {isa = PBXFileReference; lastKnownFileType = sourcecode.c.objc; path = WCAutoreleasePool.m; sourceTree = "<group>"; };
/* End PBXFileReference section */

/* Begin PBXFrameworksBuildPhase section */
		010E317B234B3D7900C681B0 /* Frameworks */ = {
			isa = PBXFrameworksBuildPhase;
			buildActionMask = 2147483647;
			files = (
			);
			runOnlyForDeploymentPostprocessing = 0;
		};
/* End PBXFrameworksBuildPhase section */

/* Begin PBXGroup section */
		010E3175234B3D7900C681B0 = {
			isa = PBXGroup;
			children = (
				010E3180234B3D7900C681B0 /* WCAutoreleasePool */,
				010E317F234B3D7900C681B0 /* Products */,
			);
			sourceTree = "<group>";
		};
		010E317F234B3D7900C681B0 /* Products */ = {
			isa = PBXGroup;
			children = (
				010E317E234B3D7900C681B0 /* WCAutoreleasePool.app */,
			);
			name = Products;
			sourceTree = "<group>";
		};
		010E3180234B3D7900C681B0 /* WCAutoreleasePool */ = {
			isa = PBXGroup;
			children = (
				010E3181234B3D7900C681B0 /* AppDelegate.h */,
				010E3182234B3D7900C681B0 /* AppDelegate.m */,
				010E318A234B3D7B00C681B0 /* Assets.xcassets */,
				010E318F234B3D7B00C681B0 /* Info.plist */,
				010E318C234B3D7B00C681B0 /* LaunchScreen.storyboard */,
				010E3190234B3D7B00C681B0 /* main.m */,
				010E3187234B3D7900C681B0 /* Main.storyboard */,
				010E3197234B3D8900C681B0 /* Source */,
				010E3184234B3D7900C681B0 /* ViewController.h */,
				010E3185234B3D7900C681B0 /* ViewController.m */,
			);
			path = WCAutoreleasePool;
			sourceTree = "<group>";
		};
		010E3197234B3D8900C681B0 /* Source */ = {
			isa = PBXGroup;
			children = (
				010E3198234B3DC500C681B0 /* WCAutoreleasePool.h */,
				010E3199234B3DC500C681B0 /* WCAutoreleasePool.m */,
			);
			path = Source;
			sourceTree = "<group>";
		};
/* End PBXGroup section */

/* Begin PBXNativeTarget section */
		010E317D234B3D7900C681B0 /* WCAutoreleasePool */ = {
			isa = PBXNativeTarget;
			buildConfigurationList = 010E3194234B3D7B00C681B0 /* Build configuration list for PBXNativeTarget "WCAutoreleasePool" */;
			buildPhases = (
				010E317A234B3D7900C681B0 /* Sources */,
				010E317B234B3D7900C681B0 /* Frameworks */,
				010E317C234B3D7900C681B0 /* Resources */,
			);
			buildRules = (
			);
			dependencies = (
			);
			name = WCAutoreleasePool;
			productName = WCAutoreleasePool;
			productReference = 010E317E234B3D7900C681B0 /* WCAutoreleasePool.app */;
			productType = "com.apple.product-type.application";
		};
/* End PBXNativeTarget section */

/* Begin PBXProject section */
		010E3176234B3D7900C681B0 /* Project object */ = {
			isa = PBXProject;
			attributes = {
				LastUpgradeCheck = 1020;
				ORGANIZATIONNAME = Frank;
				TargetAttributes = {
					010E317D234B3D7900C681B0 = {
						CreatedOnToolsVersion = 10.2.1;
					};
				};
			};
			buildConfigurationList = 010E3179234B3D7900C681B0 /* Build configuration list for PBXProject "WCAutoreleasePool" */;
			compatibilityVersion = "Xcode 9.3";
			developmentRegion = en;
			hasScannedForEncodings = 0;
			knownRegions = (
				en,
				Base,
			);
			mainGroup = 010E3175234B3D7900C681B0;
			productRefGroup = 010E317F234B3D7900C681B0 /* Products */;
			projectDirPath = "";
			projectRoot = "";
			targets = (
				010E317D234B3D7900C681B0 /* WCAutoreleasePool */,
			);
		};
/* End PBXProject section */

/* Begin PBXResourcesBuildPhase section */
		010E317C234B3D7900C681B0 /* Resources */ = {
			isa = PBXResourcesBuildPhase;
			buildActionMask = 2147483647;
			files = (
				010E318E234B3D7B00C681B0 /* LaunchScreen.storyboard in Resources */,
				010E318B234B3D7B00C681B0 /* Assets.xcassets in Resources */,
				010E3189234B3D7900C681B0 /* Main.storyboard in Resources */,
			);
			runOnlyForDeploymentPostprocessing = 0;
		};
/* End PBXResourcesBuildPhase section */

/* Begin PBXSourcesBuildPhase section */
		010E317A234B3D7900C681B0 /* Sources */ = {
			isa = PBXSourcesBuildPhase;
			buildActionMask = 2147483647;
			files = (
				010E319A234B3DC500C681B0 /* WCAutoreleasePool.m in Sources */,
				010E3186234B3D7900C681B0 /* ViewController.m in Sources */,
				010E3191234B3D7B00C681B0 /* main.m in Sources */,
				010E3183234B3D7900C681B0 /* AppDelegate.m in Sources */,
			);
			runOnlyForDeploymentPostprocessing = 0;
		};
/* End PBXSourcesBuildPhase section */

/* Begin PBXVariantGroup section */
		010E3187234B3D7900C681B0 /* Main.storyboard */ = {
			isa = PBXVariantGroup;
			children = (
				010E3188234B3D7900C681B0 /* Base */,
			);
			name = Main.storyboard;
			sourceTree = "<group>";
		};
		010E318C234B3D7B00C681B0 /* LaunchScreen.storyboard */ = {
			isa = PBXVariantGroup;
			children = (
				010E318D234B3D7B00C681B0 /* Base */,
			);
			name = LaunchScreen.storyboard;
			sourceTree = "<group>";
		};
/* End PBXVariantGroup section */

/* Begin XCBuildConfiguration section */
		010E3192234B3D7B00C681B0 /* Debug */ = {
			isa = XCBuildConfiguration;
			buildSettings = {
				ALWAYS_SEARCH_USER_PATHS = NO;
				CLANG_ANALYZER_NONNULL = YES;
				CLANG_ANALYZER_NUMBER_OBJECT_CONVERSION = YES_AGGRESSIVE;
				CLANG_CXX_LANGUAGE_STANDARD = "gnu++14";
				CLANG_CXX_LIBRARY = "libc++";
				CLANG_ENABLE_MODULES = YES;
				CLANG_ENABLE_OBJC_ARC = YES;
				CLANG_ENABLE_OBJC_WEAK = YES;
				CLANG_WARN_BLOCK_CAPTURE_AUTORELEASING = YES;
				CLANG_WARN_BOOL_CONVERSION = YES;
				CLANG_WARN_COMMA = YES;
				CLANG_WARN_CONSTANT_CONVERSION = YES;
				CLANG_WARN_DEPRECATED_OBJC_IMPLEMENTATIONS = YES;
				CLANG_WARN_DIRECT_OBJC_ISA_USAGE = YES_ERROR;
				CLANG_WARN_DOCUMENTATION_COMMENTS = YES;
				CLANG_WARN_EMPTY_BODY = YES;
				CLANG_WARN_ENUM_CONVERSION = YES;
				CLANG_WARN_INFINITE_RECURSION = YES;
				CLANG_WARN_INT_CONVERSION = YES;
				CLANG_WARN_NON_LITERAL_NULL_CONVERSION = YES;
				CLANG_WARN_OBJC_IMPLICIT_RETAIN_SELF = YES;
				CLANG_WARN_OBJC_LITERAL_CONVERSION = YES;
				CLANG_WARN_OBJC_ROOT_CLASS = YES_ERROR;
				CLANG_WARN_RANGE_LOOP_ANALYSIS = YES;
				CLANG_WARN_STRICT_PROTOTYPES = YES;
				CLANG_WARN_SUSPICIOUS_MOVE = YES;
				CLANG_WARN_UNGUARDED_AVAILABILITY = YES_AGGRESSIVE;
				CLANG_WARN_UNREACHABLE_CODE = YES;
				CLANG_WARN__DUPLICATE_METHOD_MATCH = YES;
				CODE_SIGN_IDENTITY = "iPhone Developer";
				COPY_PHASE_STRIP = NO;
				DEBUG_INFORMATION_FORMAT = dwarf;
				ENABLE_STRICT_OBJC_MSGSEND = YES;
				ENABLE_TESTABILITY = YES;
				GCC_C_LANGUAGE_STANDARD = gnu11;
				GCC_DYNAMIC_NO_PIC = NO;
				GCC_NO_COMMON_BLOCKS = YES;
				GCC_OPTIMIZATION_LEVEL = 0;
				GCC_PREPROCESSOR_DEFINITIONS = (
					"DEBUG=1",
					"$(inherited)",
				);
				GCC_WARN_64_TO_32_BIT_CONVERSION = YES;
				GCC_WARN_ABOUT_RETURN_TYPE = YES_ERROR;
				GCC_WARN_UNDECLARED_SELECTOR = YES;
				GCC_WARN_UNINITIALIZED_AUTOS = YES_AGGRESSIVE;
				GCC_WARN_UNUSED_FUNCTION = YES;
				GCC_WARN_UNUSED_VARIABLE = YES;
				IPHONEOS_DEPLOYMENT_TARGET = 12.2;
				MTL_ENABLE_DEBUG_INFO = INCLUDE_SOURCE;
				MTL_FAST_MATH = YES;
				ONLY_ACTIVE_ARCH = YES;
				SDKROOT = iphoneos;
			};
			name = Debug;
		};
		010E3193234B3D7B00C681B0 /* Release */ = {
			isa = XCBuildConfiguration;
			buildSettings = {
				ALWAYS_SEARCH_USER_PATHS = NO;
				CLANG_ANALYZER_NONNULL = YES;
				CLANG_ANALYZER_NUMBER_OBJECT_CONVERSION = YES_AGGRESSIVE;
				CLANG_CXX_LANGUAGE_STANDARD = "gnu++14";
				CLANG_CXX_LIBRARY = "libc++";
				CLANG_ENABLE_MODULES = YES;
				CLANG_ENABLE_OBJC_ARC = YES;
				CLANG_ENABLE_OBJC_WEAK = YES;
				CLANG_WARN_BLOCK_CAPTURE_AUTORELEASING = YES;
				CLANG_WARN_BOOL_CONVERSION = YES;
				CLANG_WARN_COMMA = YES;
				CLANG_WARN_CONSTANT_CONVERSION = YES;
				CLANG_WARN_DEPRECATED_OBJC_IMPLEMENTATIONS = YES;
				CLANG_WARN_DIRECT_OBJC_ISA_USAGE = YES_ERROR;
				CLANG_WARN_DOCUMENTATION_COMMENTS = YES;
				CLANG_WARN_EMPTY_BODY = YES;
				CLANG_WARN_ENUM_CONVERSION = YES;
				CLANG_WARN_INFINITE_RECURSION = YES;
				CLANG_WARN_INT_CONVERSION = YES;
				CLANG_WARN_NON_LITERAL_NULL_CONVERSION = YES;
				CLANG_WARN_OBJC_IMPLICIT_RETAIN_SELF = YES;
				CLANG_WARN_OBJC_LITERAL_CONVERSION = YES;
				CLANG_WARN_OBJC_ROOT_CLASS = YES_ERROR;
				CLANG_WARN_RANGE_LOOP_ANALYSIS = YES;
				CLANG_WARN_STRICT_PROTOTYPES = YES;
				CLANG_WARN_SUSPICIOUS_MOVE = YES;
				CLANG_WARN_UNGUARDED_AVAILABILITY = YES_AGGRESSIVE;
				CLANG_WARN_UNREACHABLE_CODE = YES;
				CLANG_WARN__DUPLICATE_METHOD_MATCH = YES;
				CODE_SIGN_IDENTITY = "iPhone Developer";
				COPY_PHASE_STRIP = NO;
				DEBUG_INFORMATION_FORMAT = "dwarf-with-dsym";
				ENABLE_NS_ASSERTIONS = NO;
				ENABLE_STRICT_OBJC_MSGSEND = YES;
				GCC_C_LANGUAGE_STANDARD = gnu11;
				GCC_NO_COMMON_BLOCKS = YES;
				GCC_WARN_64_TO_32_BIT_CONVERSION = YES;
				GCC_WARN_ABOUT_RETURN_TYPE = YES_ERROR;
				GCC_WARN_UNDECLARED_SELECTOR = YES;
				GCC_WARN_UNINITIALIZED_AUTOS = YES_AGGRESSIVE;
				GCC_WARN_UNUSED_FUNCTION = YES;
				GCC_WARN_UNUSED_VARIABLE = YES;
				IPHONEOS_DEPLOYMENT_TARGET = 12.2;
				MTL_ENABLE_DEBUG_INFO = NO;
				MTL_FAST_MATH = YES;
				SDKROOT = iphoneos;
				VALIDATE_PRODUCT = YES;
			};
			name = Release;
		};
		010E3195234B3D7B00C681B0 /* Debug */ = {
			isa = XCBuildConfiguration;
			buildSettings = {
				ASSETCATALOG_COMPILER_APPICON_NAME = AppIcon;
				CLANG_ENABLE_OBJC_ARC = NO;
				CODE_SIGN_STYLE = Automatic;
				DEVELOPMENT_TEAM = 86AF29T7FZ;
				INFOPLIST_FILE = WCAutoreleasePool/Info.plist;
				LD_RUNPATH_SEARCH_PATHS = (
					"$(inherited)",
					"@executable_path/Frameworks",
				);
				PRODUCT_BUNDLE_IDENTIFIER = "Frank-Huang-WC.huang-.WCAutoreleasePool";
				PRODUCT_NAME = "$(TARGET_NAME)";
				TARGETED_DEVICE_FAMILY = "1,2";
			};
			name = Debug;
		};
		010E3196234B3D7B00C681B0 /* Release */ = {
			isa = XCBuildConfiguration;
			buildSettings = {
				ASSETCATALOG_COMPILER_APPICON_NAME = AppIcon;
				CLANG_ENABLE_OBJC_ARC = NO;
				CODE_SIGN_STYLE = Automatic;
				DEVELOPMENT_TEAM = 86AF29T7FZ;
				INFOPLIST_FILE = WCAutoreleasePool/Info.plist;
				LD_RUNPATH_SEARCH_PATHS = (
					"$(inherited)",
					"@executable_path/Frameworks",
				);
				PRODUCT_BUNDLE_IDENTIFIER = "Frank-Huang-WC.huang-.WCAutoreleasePool";
				PRODUCT_NAME = "$(TARGET_NAME)";
				TARGETED_DEVICE_FAMILY = "1,2";
			};
			name = Release;
		};
/* End XCBuildConfiguration section */

/* Begin XCConfigurationList section */
		010E3179234B3D7900C681B0 /* Build configuration list for PBXProject "WCAutoreleasePool" */ = {
			isa = XCConfigurationList;
			buildConfigurations = (
				010E3192234B3D7B00C681B0 /* Debug */,
				010E3193234B3D7B00C681B0 /* Release */,
			);
			defaultConfigurationIsVisible = 0;
			defaultConfigurationName = Release;
		};
		010E3194234B3D7B00C681B0 /* Build configuration list for PBXNativeTarget "WCAutoreleasePool" */ = {
			isa = XCConfigurationList;
			buildConfigurations = (
				010E3195234B3D7B00C681B0 /* Debug */,
				010E3196234B3D7B00C681B0 /* Release */,
			);
			defaultConfigurationIsVisible = 0;
			defaultConfigurationName = Release;
		};
/* End XCConfigurationList section */
	};
	rootObject = 010E3176234B3D7900C681B0 /* Project object */;
}
